
Microsoft Visual Studio Solution File, Format Version 12.00
# Visual Studio Version 16
VisualStudioVersion = 16.0.30011.22
MinimumVisualStudioVersion = 10.0.40219.1
Project("{FAE04EC0-301F-11D3-BF4B-00C04F79EFBC}") = "CursosAlumno", "CursosAlumno\CursosAlumno.csproj", "{AE9E3260-2243-40A0-91E7-395FAEF02823}"
EndProject
Global
	GlobalSection(SolutionConfigurationPlatforms) = preSolution
		Debug|Any CPU = Debug|Any CPU
		Release|Any CPU = Release|Any CPU
	EndGlobalSection
	GlobalSection(ProjectConfigurationPlatforms) = postSolution
		{AE9E3260-2243-40A0-91E7-395FAEF02823}.Debug|Any CPU.ActiveCfg = Debug|Any CPU
		{AE9E3260-2243-40A0-91E7-395FAEF02823}.Debug|Any CPU.Build.0 = Debug|Any CPU
		{AE9E3260-2243-40A0-91E7-395FAEF02823}.Release|Any CPU.ActiveCfg = Release|Any CPU
		{AE9E3260-2243-40A0-91E7-395FAEF02823}.Release|Any CPU.Build.0 = Release|Any CPU
	EndGlobalSection
	GlobalSection(SolutionProperties) = preSolution
		HideSolutionNode = FALSE
	EndGlobalSection
	GlobalSection(ExtensibilityGlobals) = postSolution
		SolutionGuid = {F2D41FDF-A063-4D20-B595-C09C00C3A4F5}
	EndGlobalSection
EndGlobal
